
Microsoft Visual Studio Solution File, Format Version 12.00
# Visual Studio 2015
Project("{FAE04EC0-301F-11D3-BF4B-00C04F79EFBC}") = "First Unity Project.Plugins", "First Unity Project.Plugins.csproj", "{0A969DC9-C28A-923E-7EC8-E0455C454E6B}"
EndProject
Project("{FAE04EC0-301F-11D3-BF4B-00C04F79EFBC}") = "First Unity Project", "First Unity Project.csproj", "{7079128B-9A81-322B-4D8A-B5D25B499E1D}"
EndProject
Project("{FAE04EC0-301F-11D3-BF4B-00C04F79EFBC}") = "First Unity Project.Editor.Plugins", "First Unity Project.Editor.Plugins.csproj", "{1CFB598D-EA67-0670-D11A-E29249C425DD}"
EndProject
Global
	GlobalSection(SolutionConfigurationPlatforms) = preSolution
		Debug|Any CPU = Debug|Any CPU
		Release|Any CPU = Release|Any CPU
	EndGlobalSection
	GlobalSection(ProjectConfigurationPlatforms) = postSolution
		{0A969DC9-C28A-923E-7EC8-E0455C454E6B}.Debug|Any CPU.ActiveCfg = Debug|Any CPU
		{0A969DC9-C28A-923E-7EC8-E0455C454E6B}.Debug|Any CPU.Build.0 = Debug|Any CPU
		{0A969DC9-C28A-923E-7EC8-E0455C454E6B}.Release|Any CPU.ActiveCfg = Release|Any CPU
		{0A969DC9-C28A-923E-7EC8-E0455C454E6B}.Release|Any CPU.Build.0 = Release|Any CPU
		{7079128B-9A81-322B-4D8A-B5D25B499E1D}.Debug|Any CPU.ActiveCfg = Debug|Any CPU
		{7079128B-9A81-322B-4D8A-B5D25B499E1D}.Debug|Any CPU.Build.0 = Debug|Any CPU
		{7079128B-9A81-322B-4D8A-B5D25B499E1D}.Release|Any CPU.ActiveCfg = Release|Any CPU
		{7079128B-9A81-322B-4D8A-B5D25B499E1D}.Release|Any CPU.Build.0 = Release|Any CPU
		{1CFB598D-EA67-0670-D11A-E29249C425DD}.Debug|Any CPU.ActiveCfg = Debug|Any CPU
		{1CFB598D-EA67-0670-D11A-E29249C425DD}.Debug|Any CPU.Build.0 = Debug|Any CPU
		{1CFB598D-EA67-0670-D11A-E29249C425DD}.Release|Any CPU.ActiveCfg = Release|Any CPU
		{1CFB598D-EA67-0670-D11A-E29249C425DD}.Release|Any CPU.Build.0 = Release|Any CPU
	EndGlobalSection
	GlobalSection(SolutionProperties) = preSolution
		HideSolutionNode = FALSE
	EndGlobalSection
EndGlobal
